// !$*UTF8*$!
{
	archiveVersion = 1;
	classes = {
	};
	objectVersion = 55;
	objects = {

/* Begin PBXBuildFile section */
		910C77CD2856C8B8009794F3 /* AppDelegate.swift in Sources */ = {isa = PBXBuildFile; fileRef = 910C77CC2856C8B8009794F3 /* AppDelegate.swift */; };
		910C77CF2856C8B8009794F3 /* SceneDelegate.swift in Sources */ = {isa = PBXBuildFile; fileRef = 910C77CE2856C8B8009794F3 /* SceneDelegate.swift */; };
		910C77D12856C8B8009794F3 /* ViewController.swift in Sources */ = {isa = PBXBuildFile; fileRef = 910C77D02856C8B8009794F3 /* ViewController.swift */; };
		910C77D42856C8B8009794F3 /* Main.storyboard in Resources */ = {isa = PBXBuildFile; fileRef = 910C77D22856C8B8009794F3 /* Main.storyboard */; };
		910C77D62856C8BD009794F3 /* Assets.xcassets in Resources */ = {isa = PBXBuildFile; fileRef = 910C77D52856C8BD009794F3 /* Assets.xcassets */; };
		910C77D92856C8BD009794F3 /* LaunchScreen.storyboard in Resources */ = {isa = PBXBuildFile; fileRef = 910C77D72856C8BD009794F3 /* LaunchScreen.storyboard */; };
		910C77E12856CCAC009794F3 /* APICaller.swift in Sources */ = {isa = PBXBuildFile; fileRef = 910C77E02856CCAC009794F3 /* APICaller.swift */; };
		910C77E32856D19D009794F3 /* FilmData.swift in Sources */ = {isa = PBXBuildFile; fileRef = 910C77E22856D19D009794F3 /* FilmData.swift */; };
		910C77E52856D985009794F3 /* MemeData.swift in Sources */ = {isa = PBXBuildFile; fileRef = 910C77E42856D985009794F3 /* MemeData.swift */; };
		910C77E72856DB77009794F3 /* MemeTableViewCell.swift in Sources */ = {isa = PBXBuildFile; fileRef = 910C77E62856DB77009794F3 /* MemeTableViewCell.swift */; };
/* End PBXBuildFile section */

/* Begin PBXFileReference section */
		910C77C92856C8B8009794F3 /* SourcePrac.app */ = {isa = PBXFileReference; explicitFileType = wrapper.application; includeInIndex = 0; path = SourcePrac.app; sourceTree = BUILT_PRODUCTS_DIR; };
		910C77CC2856C8B8009794F3 /* AppDelegate.swift */ = {isa = PBXFileReference; lastKnownFileType = sourcecode.swift; path = AppDelegate.swift; sourceTree = "<group>"; };
		910C77CE2856C8B8009794F3 /* SceneDelegate.swift */ = {isa = PBXFileReference; lastKnownFileType = sourcecode.swift; path = SceneDelegate.swift; sourceTree = "<group>"; };
		910C77D02856C8B8009794F3 /* ViewController.swift */ = {isa = PBXFileReference; lastKnownFileType = sourcecode.swift; path = ViewController.swift; sourceTree = "<group>"; };
		910C77D32856C8B8009794F3 /* Base */ = {isa = PBXFileReference; lastKnownFileType = file.storyboard; name = Base; path = Base.lproj/Main.storyboard; sourceTree = "<group>"; };
		910C77D52856C8BD009794F3 /* Assets.xcassets */ = {isa = PBXFileReference; lastKnownFileType = folder.assetcatalog; path = Assets.xcassets; sourceTree = "<group>"; };
		910C77D82856C8BD009794F3 /* Base */ = {isa = PBXFileReference; lastKnownFileType = file.storyboard; name = Base; path = Base.lproj/LaunchScreen.storyboard; sourceTree = "<group>"; };
		910C77DA2856C8BD009794F3 /* Info.plist */ = {isa = PBXFileReference; lastKnownFileType = text.plist.xml; path = Info.plist; sourceTree = "<group>"; };
		910C77E02856CCAC009794F3 /* APICaller.swift */ = {isa = PBXFileReference; lastKnownFileType = sourcecode.swift; path = APICaller.swift; sourceTree = "<group>"; };
		910C77E22856D19D009794F3 /* FilmData.swift */ = {isa = PBXFileReference; lastKnownFileType = sourcecode.swift; path = FilmData.swift; sourceTree = "<group>"; };
		910C77E42856D985009794F3 /* MemeData.swift */ = {isa = PBXFileReference; lastKnownFileType = sourcecode.swift; path = MemeData.swift; sourceTree = "<group>"; };
		910C77E62856DB77009794F3 /* MemeTableViewCell.swift */ = {isa = PBXFileReference; lastKnownFileType = sourcecode.swift; path = MemeTableViewCell.swift; sourceTree = "<group>"; };
/* End PBXFileReference section */

/* Begin PBXFrameworksBuildPhase section */
		910C77C62856C8B8009794F3 /* Frameworks */ = {
			isa = PBXFrameworksBuildPhase;
			buildActionMask = 2147483647;
			files = (
			);
			runOnlyForDeploymentPostprocessing = 0;
		};
/* End PBXFrameworksBuildPhase section */

/* Begin PBXGroup section */
		910C77C02856C8B8009794F3 = {
			isa = PBXGroup;
			children = (
				910C77CB2856C8B8009794F3 /* SourcePrac */,
				910C77CA2856C8B8009794F3 /* Products */,
			);
			sourceTree = "<group>";
		};
		910C77CA2856C8B8009794F3 /* Products */ = {
			isa = PBXGroup;
			children = (
				910C77C92856C8B8009794F3 /* SourcePrac.app */,
			);
			name = Products;
			sourceTree = "<group>";
		};
		910C77CB2856C8B8009794F3 /* SourcePrac */ = {
			isa = PBXGroup;
			children = (
				910C77CC2856C8B8009794F3 /* AppDelegate.swift */,
				910C77CE2856C8B8009794F3 /* SceneDelegate.swift */,
				910C77EA2856DDEC009794F3 /* Models */,
				910C77E82856DDCE009794F3 /* Controllers */,
				910C77E92856DDDD009794F3 /* Views */,
				910C77EB2856DE21009794F3 /* Helper */,
				910C77D52856C8BD009794F3 /* Assets.xcassets */,
				910C77D72856C8BD009794F3 /* LaunchScreen.storyboard */,
				910C77DA2856C8BD009794F3 /* Info.plist */,
			);
			path = SourcePrac;
			sourceTree = "<group>";
		};
		910C77E82856DDCE009794F3 /* Controllers */ = {
			isa = PBXGroup;
			children = (
				910C77D02856C8B8009794F3 /* ViewController.swift */,
			);
			path = Controllers;
			sourceTree = "<group>";
		};
		910C77E92856DDDD009794F3 /* Views */ = {
			isa = PBXGroup;
			children = (
				910C77D22856C8B8009794F3 /* Main.storyboard */,
				910C77EC285703A4009794F3 /* Cell */,
			);
			path = Views;
			sourceTree = "<group>";
		};
		910C77EA2856DDEC009794F3 /* Models */ = {
			isa = PBXGroup;
			children = (
				910C77E22856D19D009794F3 /* FilmData.swift */,
				910C77E42856D985009794F3 /* MemeData.swift */,
			);
			path = Models;
			sourceTree = "<group>";
		};
		910C77EB2856DE21009794F3 /* Helper */ = {
			isa = PBXGroup;
			children = (
				910C77E02856CCAC009794F3 /* APICaller.swift */,
			);
			path = Helper;
			sourceTree = "<group>";
		};
		910C77EC285703A4009794F3 /* Cell */ = {
			isa = PBXGroup;
			children = (
				910C77E62856DB77009794F3 /* MemeTableViewCell.swift */,
			);
			path = Cell;
			sourceTree = "<group>";
		};
/* End PBXGroup section */

/* Begin PBXNativeTarget section */
		910C77C82856C8B8009794F3 /* SourcePrac */ = {
			isa = PBXNativeTarget;
			buildConfigurationList = 910C77DD2856C8BD009794F3 /* Build configuration list for PBXNativeTarget "SourcePrac" */;
			buildPhases = (
				910C77C52856C8B8009794F3 /* Sources */,
				910C77C62856C8B8009794F3 /* Frameworks */,
				910C77C72856C8B8009794F3 /* Resources */,
			);
			buildRules = (
			);
			dependencies = (
			);
			name = SourcePrac;
			productName = SourcePrac;
			productReference = 910C77C92856C8B8009794F3 /* SourcePrac.app */;
			productType = "com.apple.product-type.application";
		};
/* End PBXNativeTarget section */

/* Begin PBXProject section */
		910C77C12856C8B8009794F3 /* Project object */ = {
			isa = PBXProject;
			attributes = {
				BuildIndependentTargetsInParallel = 1;
				LastSwiftUpdateCheck = 1330;
				LastUpgradeCheck = 1330;
				TargetAttributes = {
					910C77C82856C8B8009794F3 = {
						CreatedOnToolsVersion = 13.3;
					};
				};
			};
			buildConfigurationList = 910C77C42856C8B8009794F3 /* Build configuration list for PBXProject "SourcePrac" */;
			compatibilityVersion = "Xcode 13.0";
			developmentRegion = en;
			hasScannedForEncodings = 0;
			knownRegions = (
				en,
				Base,
			);
			mainGroup = 910C77C02856C8B8009794F3;
			productRefGroup = 910C77CA2856C8B8009794F3 /* Products */;
			projectDirPath = "";
			projectRoot = "";
			targets = (
				910C77C82856C8B8009794F3 /* SourcePrac */,
			);
		};
/* End PBXProject section */

/* Begin PBXResourcesBuildPhase section */
		910C77C72856C8B8009794F3 /* Resources */ = {
			isa = PBXResourcesBuildPhase;
			buildActionMask = 2147483647;
			files = (
				910C77D92856C8BD009794F3 /* LaunchScreen.storyboard in Resources */,
				910C77D62856C8BD009794F3 /* Assets.xcassets in Resources */,
				910C77D42856C8B8009794F3 /* Main.storyboard in Resources */,
			);
			runOnlyForDeploymentPostprocessing = 0;
		};
/* End PBXResourcesBuildPhase section */

/* Begin PBXSourcesBuildPhase section */
		910C77C52856C8B8009794F3 /* Sources */ = {
			isa = PBXSourcesBuildPhase;
			buildActionMask = 2147483647;
			files = (
				910C77E32856D19D009794F3 /* FilmData.swift in Sources */,
				910C77E52856D985009794F3 /* MemeData.swift in Sources */,
				910C77D12856C8B8009794F3 /* ViewController.swift in Sources */,
				910C77CD2856C8B8009794F3 /* AppDelegate.swift in Sources */,
				910C77E72856DB77009794F3 /* MemeTableViewCell.swift in Sources */,
				910C77E12856CCAC009794F3 /* APICaller.swift in Sources */,
				910C77CF2856C8B8009794F3 /* SceneDelegate.swift in Sources */,
			);
			runOnlyForDeploymentPostprocessing = 0;
		};
/* End PBXSourcesBuildPhase section */

/* Begin PBXVariantGroup section */
		910C77D22856C8B8009794F3 /* Main.storyboard */ = {
			isa = PBXVariantGroup;
			children = (
				910C77D32856C8B8009794F3 /* Base */,
			);
			name = Main.storyboard;
			sourceTree = "<group>";
		};
		910C77D72856C8BD009794F3 /* LaunchScreen.storyboard */ = {
			isa = PBXVariantGroup;
			children = (
				910C77D82856C8BD009794F3 /* Base */,
			);
			name = LaunchScreen.storyboard;
			sourceTree = "<group>";
		};
/* End PBXVariantGroup section */

/* Begin XCBuildConfiguration section */
		910C77DB2856C8BD009794F3 /* Debug */ = {
			isa = XCBuildConfiguration;
			buildSettings = {
				ALWAYS_SEARCH_USER_PATHS = NO;
				CLANG_ANALYZER_NONNULL = YES;
				CLANG_ANALYZER_NUMBER_OBJECT_CONVERSION = YES_AGGRESSIVE;
				CLANG_CXX_LANGUAGE_STANDARD = "gnu++17";
				CLANG_ENABLE_MODULES = YES;
				CLANG_ENABLE_OBJC_ARC = YES;
				CLANG_ENABLE_OBJC_WEAK = YES;
				CLANG_WARN_BLOCK_CAPTURE_AUTORELEASING = YES;
				CLANG_WARN_BOOL_CONVERSION = YES;
				CLANG_WARN_COMMA = YES;
				CLANG_WARN_CONSTANT_CONVERSION = YES;
				CLANG_WARN_DEPRECATED_OBJC_IMPLEMENTATIONS = YES;
				CLANG_WARN_DIRECT_OBJC_ISA_USAGE = YES_ERROR;
				CLANG_WARN_DOCUMENTATION_COMMENTS = YES;
				CLANG_WARN_EMPTY_BODY = YES;
				CLANG_WARN_ENUM_CONVERSION = YES;
				CLANG_WARN_INFINITE_RECURSION = YES;
				CLANG_WARN_INT_CONVERSION = YES;
				CLANG_WARN_NON_LITERAL_NULL_CONVERSION = YES;
				CLANG_WARN_OBJC_IMPLICIT_RETAIN_SELF = YES;
				CLANG_WARN_OBJC_LITERAL_CONVERSION = YES;
				CLANG_WARN_OBJC_ROOT_CLASS = YES_ERROR;
				CLANG_WARN_QUOTED_INCLUDE_IN_FRAMEWORK_HEADER = YES;
				CLANG_WARN_RANGE_LOOP_ANALYSIS = YES;
				CLANG_WARN_STRICT_PROTOTYPES = YES;
				CLANG_WARN_SUSPICIOUS_MOVE = YES;
				CLANG_WARN_UNGUARDED_AVAILABILITY = YES_AGGRESSIVE;
				CLANG_WARN_UNREACHABLE_CODE = YES;
				CLANG_WARN__DUPLICATE_METHOD_MATCH = YES;
				COPY_PHASE_STRIP = NO;
				DEBUG_INFORMATION_FORMAT = dwarf;
				ENABLE_STRICT_OBJC_MSGSEND = YES;
				ENABLE_TESTABILITY = YES;
				GCC_C_LANGUAGE_STANDARD = gnu11;
				GCC_DYNAMIC_NO_PIC = NO;
				GCC_NO_COMMON_BLOCKS = YES;
				GCC_OPTIMIZATION_LEVEL = 0;
				GCC_PREPROCESSOR_DEFINITIONS = (
					"DEBUG=1",
					"$(inherited)",
				);
				GCC_WARN_64_TO_32_BIT_CONVERSION = YES;
				GCC_WARN_ABOUT_RETURN_TYPE = YES_ERROR;
				GCC_WARN_UNDECLARED_SELECTOR = YES;
				GCC_WARN_UNINITIALIZED_AUTOS = YES_AGGRESSIVE;
				GCC_WARN_UNUSED_FUNCTION = YES;
				GCC_WARN_UNUSED_VARIABLE = YES;
				IPHONEOS_DEPLOYMENT_TARGET = 15.4;
				MTL_ENABLE_DEBUG_INFO = INCLUDE_SOURCE;
				MTL_FAST_MATH = YES;
				ONLY_ACTIVE_ARCH = YES;
				SDKROOT = iphoneos;
				SWIFT_ACTIVE_COMPILATION_CONDITIONS = DEBUG;
				SWIFT_OPTIMIZATION_LEVEL = "-Onone";
			};
			name = Debug;
		};
		910C77DC2856C8BD009794F3 /* Release */ = {
			isa = XCBuildConfiguration;
			buildSettings = {
				ALWAYS_SEARCH_USER_PATHS = NO;
				CLANG_ANALYZER_NONNULL = YES;
				CLANG_ANALYZER_NUMBER_OBJECT_CONVERSION = YES_AGGRESSIVE;
				CLANG_CXX_LANGUAGE_STANDARD = "gnu++17";
				CLANG_ENABLE_MODULES = YES;
				CLANG_ENABLE_OBJC_ARC = YES;
				CLANG_ENABLE_OBJC_WEAK = YES;
				CLANG_WARN_BLOCK_CAPTURE_AUTORELEASING = YES;
				CLANG_WARN_BOOL_CONVERSION = YES;
				CLANG_WARN_COMMA = YES;
				CLANG_WARN_CONSTANT_CONVERSION = YES;
				CLANG_WARN_DEPRECATED_OBJC_IMPLEMENTATIONS = YES;
				CLANG_WARN_DIRECT_OBJC_ISA_USAGE = YES_ERROR;
				CLANG_WARN_DOCUMENTATION_COMMENTS = YES;
				CLANG_WARN_EMPTY_BODY = YES;
				CLANG_WARN_ENUM_CONVERSION = YES;
				CLANG_WARN_INFINITE_RECURSION = YES;
				CLANG_WARN_INT_CONVERSION = YES;
				CLANG_WARN_NON_LITERAL_NULL_CONVERSION = YES;
				CLANG_WARN_OBJC_IMPLICIT_RETAIN_SELF = YES;
				CLANG_WARN_OBJC_LITERAL_CONVERSION = YES;
				CLANG_WARN_OBJC_ROOT_CLASS = YES_ERROR;
				CLANG_WARN_QUOTED_INCLUDE_IN_FRAMEWORK_HEADER = YES;
				CLANG_WARN_RANGE_LOOP_ANALYSIS = YES;
				CLANG_WARN_STRICT_PROTOTYPES = YES;
				CLANG_WARN_SUSPICIOUS_MOVE = YES;
				CLANG_WARN_UNGUARDED_AVAILABILITY = YES_AGGRESSIVE;
				CLANG_WARN_UNREACHABLE_CODE = YES;
				CLANG_WARN__DUPLICATE_METHOD_MATCH = YES;
				COPY_PHASE_STRIP = NO;
				DEBUG_INFORMATION_FORMAT = "dwarf-with-dsym";
				ENABLE_NS_ASSERTIONS = NO;
				ENABLE_STRICT_OBJC_MSGSEND = YES;
				GCC_C_LANGUAGE_STANDARD = gnu11;
				GCC_NO_COMMON_BLOCKS = YES;
				GCC_WARN_64_TO_32_BIT_CONVERSION = YES;
				GCC_WARN_ABOUT_RETURN_TYPE = YES_ERROR;
				GCC_WARN_UNDECLARED_SELECTOR = YES;
				GCC_WARN_UNINITIALIZED_AUTOS = YES_AGGRESSIVE;
				GCC_WARN_UNUSED_FUNCTION = YES;
				GCC_WARN_UNUSED_VARIABLE = YES;
				IPHONEOS_DEPLOYMENT_TARGET = 15.4;
				MTL_ENABLE_DEBUG_INFO = NO;
				MTL_FAST_MATH = YES;
				SDKROOT = iphoneos;
				SWIFT_COMPILATION_MODE = wholemodule;
				SWIFT_OPTIMIZATION_LEVEL = "-O";
				VALIDATE_PRODUCT = YES;
			};
			name = Release;
		};
		910C77DE2856C8BD009794F3 /* Debug */ = {
			isa = XCBuildConfiguration;
			buildSettings = {
				ASSETCATALOG_COMPILER_APPICON_NAME = AppIcon;
				ASSETCATALOG_COMPILER_GLOBAL_ACCENT_COLOR_NAME = AccentColor;
				CODE_SIGN_STYLE = Automatic;
				CURRENT_PROJECT_VERSION = 7;
				DEVELOPMENT_TEAM = VWDLUM96X8;
				GENERATE_INFOPLIST_FILE = YES;
				INFOPLIST_FILE = SourcePrac/Info.plist;
				INFOPLIST_KEY_UIApplicationSupportsIndirectInputEvents = YES;
				INFOPLIST_KEY_UILaunchStoryboardName = LaunchScreen;
				INFOPLIST_KEY_UIMainStoryboardFile = Main;
				INFOPLIST_KEY_UISupportedInterfaceOrientations_iPad = "UIInterfaceOrientationPortrait UIInterfaceOrientationPortraitUpsideDown UIInterfaceOrientationLandscapeLeft UIInterfaceOrientationLandscapeRight";
				INFOPLIST_KEY_UISupportedInterfaceOrientations_iPhone = "UIInterfaceOrientationPortrait UIInterfaceOrientationLandscapeLeft UIInterfaceOrientationLandscapeRight";
				LD_RUNPATH_SEARCH_PATHS = (
					"$(inherited)",
					"@executable_path/Frameworks",
				);
				MARKETING_VERSION = 1.0;
				PRODUCT_BUNDLE_IDENTIFIER = individualStudio.SourcePrac;
				PRODUCT_NAME = "$(TARGET_NAME)";
				SWIFT_EMIT_LOC_STRINGS = YES;
				SWIFT_VERSION = 5.0;
				TARGETED_DEVICE_FAMILY = "1,2";
			};
			name = Debug;
		};
		910C77DF2856C8BD009794F3 /* Release */ = {
			isa = XCBuildConfiguration;
			buildSettings = {
				ASSETCATALOG_COMPILER_APPICON_NAME = AppIcon;
				ASSETCATALOG_COMPILER_GLOBAL_ACCENT_COLOR_NAME = AccentColor;
				CODE_SIGN_STYLE = Automatic;
				CURRENT_PROJECT_VERSION = 7;
				DEVELOPMENT_TEAM = VWDLUM96X8;
				GENERATE_INFOPLIST_FILE = YES;
				INFOPLIST_FILE = SourcePrac/Info.plist;
				INFOPLIST_KEY_UIApplicationSupportsIndirectInputEvents = YES;
				INFOPLIST_KEY_UILaunchStoryboardName = LaunchScreen;
				INFOPLIST_KEY_UIMainStoryboardFile = Main;
				INFOPLIST_KEY_UISupportedInterfaceOrientations_iPad = "UIInterfaceOrientationPortrait UIInterfaceOrientationPortraitUpsideDown UIInterfaceOrientationLandscapeLeft UIInterfaceOrientationLandscapeRight";
				INFOPLIST_KEY_UISupportedInterfaceOrientations_iPhone = "UIInterfaceOrientationPortrait UIInterfaceOrientationLandscapeLeft UIInterfaceOrientationLandscapeRight";
				LD_RUNPATH_SEARCH_PATHS = (
					"$(inherited)",
					"@executable_path/Frameworks",
				);
				MARKETING_VERSION = 1.0;
				PRODUCT_BUNDLE_IDENTIFIER = individualStudio.SourcePrac;
				PRODUCT_NAME = "$(TARGET_NAME)";
				SWIFT_EMIT_LOC_STRINGS = YES;
				SWIFT_VERSION = 5.0;
				TARGETED_DEVICE_FAMILY = "1,2";
			};
			name = Release;
		};
/* End XCBuildConfiguration section */

/* Begin XCConfigurationList section */
		910C77C42856C8B8009794F3 /* Build configuration list for PBXProject "SourcePrac" */ = {
			isa = XCConfigurationList;
			buildConfigurations = (
				910C77DB2856C8BD009794F3 /* Debug */,
				910C77DC2856C8BD009794F3 /* Release */,
			);
			defaultConfigurationIsVisible = 0;
			defaultConfigurationName = Release;
		};
		910C77DD2856C8BD009794F3 /* Build configuration list for PBXNativeTarget "SourcePrac" */ = {
			isa = XCConfigurationList;
			buildConfigurations = (
				910C77DE2856C8BD009794F3 /* Debug */,
				910C77DF2856C8BD009794F3 /* Release */,
			);
			defaultConfigurationIsVisible = 0;
			defaultConfigurationName = Release;
		};
/* End XCConfigurationList section */
	};
	rootObject = 910C77C12856C8B8009794F3 /* Project object */;
}
